// !$*UTF8*$!
{
	archiveVersion = 1;
	classes = {
	};
	objectVersion = 50;
	objects = {

/* Begin PBXBuildFile section */
		B6C2CD512329BCF200429E37 /* AppDelegate.swift in Sources */ = {isa = PBXBuildFile; fileRef = B6C2CD502329BCF200429E37 /* AppDelegate.swift */; };
		B6C2CD542329BCF200429E37 /* course_strategy.xcdatamodeld in Sources */ = {isa = PBXBuildFile; fileRef = B6C2CD522329BCF200429E37 /* course_strategy.xcdatamodeld */; };
		B6C2CD562329BCF200429E37 /* MasterViewController.swift in Sources */ = {isa = PBXBuildFile; fileRef = B6C2CD552329BCF200429E37 /* MasterViewController.swift */; };
		B6C2CD582329BCF200429E37 /* DetailViewController.swift in Sources */ = {isa = PBXBuildFile; fileRef = B6C2CD572329BCF200429E37 /* DetailViewController.swift */; };
		B6C2CD5B2329BCF200429E37 /* Main.storyboard in Resources */ = {isa = PBXBuildFile; fileRef = B6C2CD592329BCF200429E37 /* Main.storyboard */; };
		B6C2CD5D2329BCF400429E37 /* Assets.xcassets in Resources */ = {isa = PBXBuildFile; fileRef = B6C2CD5C2329BCF400429E37 /* Assets.xcassets */; };
		B6C2CD602329BCF400429E37 /* LaunchScreen.storyboard in Resources */ = {isa = PBXBuildFile; fileRef = B6C2CD5E2329BCF400429E37 /* LaunchScreen.storyboard */; };
		B6C2CD6B2329BCF400429E37 /* course_strategyTests.swift in Sources */ = {isa = PBXBuildFile; fileRef = B6C2CD6A2329BCF400429E37 /* course_strategyTests.swift */; };
		B6C2CD762329BCF400429E37 /* course_strategyUITests.swift in Sources */ = {isa = PBXBuildFile; fileRef = B6C2CD752329BCF400429E37 /* course_strategyUITests.swift */; };
/* End PBXBuildFile section */

/* Begin PBXContainerItemProxy section */
		B6C2CD672329BCF400429E37 /* PBXContainerItemProxy */ = {
			isa = PBXContainerItemProxy;
			containerPortal = B6C2CD452329BCF200429E37 /* Project object */;
			proxyType = 1;
			remoteGlobalIDString = B6C2CD4C2329BCF200429E37;
			remoteInfo = "course-strategy";
		};
		B6C2CD722329BCF400429E37 /* PBXContainerItemProxy */ = {
			isa = PBXContainerItemProxy;
			containerPortal = B6C2CD452329BCF200429E37 /* Project object */;
			proxyType = 1;
			remoteGlobalIDString = B6C2CD4C2329BCF200429E37;
			remoteInfo = "course-strategy";
		};
/* End PBXContainerItemProxy section */

/* Begin PBXFileReference section */
		B6C2CD4D2329BCF200429E37 /* course-strategy.app */ = {isa = PBXFileReference; explicitFileType = wrapper.application; includeInIndex = 0; path = "course-strategy.app"; sourceTree = BUILT_PRODUCTS_DIR; };
		B6C2CD502329BCF200429E37 /* AppDelegate.swift */ = {isa = PBXFileReference; lastKnownFileType = sourcecode.swift; path = AppDelegate.swift; sourceTree = "<group>"; };
		B6C2CD532329BCF200429E37 /* course_strategy.xcdatamodel */ = {isa = PBXFileReference; lastKnownFileType = wrapper.xcdatamodel; path = course_strategy.xcdatamodel; sourceTree = "<group>"; };
		B6C2CD552329BCF200429E37 /* MasterViewController.swift */ = {isa = PBXFileReference; lastKnownFileType = sourcecode.swift; path = MasterViewController.swift; sourceTree = "<group>"; };
		B6C2CD572329BCF200429E37 /* DetailViewController.swift */ = {isa = PBXFileReference; lastKnownFileType = sourcecode.swift; path = DetailViewController.swift; sourceTree = "<group>"; };
		B6C2CD5A2329BCF200429E37 /* Base */ = {isa = PBXFileReference; lastKnownFileType = file.storyboard; name = Base; path = Base.lproj/Main.storyboard; sourceTree = "<group>"; };
		B6C2CD5C2329BCF400429E37 /* Assets.xcassets */ = {isa = PBXFileReference; lastKnownFileType = folder.assetcatalog; path = Assets.xcassets; sourceTree = "<group>"; };
		B6C2CD5F2329BCF400429E37 /* Base */ = {isa = PBXFileReference; lastKnownFileType = file.storyboard; name = Base; path = Base.lproj/LaunchScreen.storyboard; sourceTree = "<group>"; };
		B6C2CD612329BCF400429E37 /* Info.plist */ = {isa = PBXFileReference; lastKnownFileType = text.plist.xml; path = Info.plist; sourceTree = "<group>"; };
		B6C2CD662329BCF400429E37 /* course-strategyTests.xctest */ = {isa = PBXFileReference; explicitFileType = wrapper.cfbundle; includeInIndex = 0; path = "course-strategyTests.xctest"; sourceTree = BUILT_PRODUCTS_DIR; };
		B6C2CD6A2329BCF400429E37 /* course_strategyTests.swift */ = {isa = PBXFileReference; lastKnownFileType = sourcecode.swift; path = course_strategyTests.swift; sourceTree = "<group>"; };
		B6C2CD6C2329BCF400429E37 /* Info.plist */ = {isa = PBXFileReference; lastKnownFileType = text.plist.xml; path = Info.plist; sourceTree = "<group>"; };
		B6C2CD712329BCF400429E37 /* course-strategyUITests.xctest */ = {isa = PBXFileReference; explicitFileType = wrapper.cfbundle; includeInIndex = 0; path = "course-strategyUITests.xctest"; sourceTree = BUILT_PRODUCTS_DIR; };
		B6C2CD752329BCF400429E37 /* course_strategyUITests.swift */ = {isa = PBXFileReference; lastKnownFileType = sourcecode.swift; path = course_strategyUITests.swift; sourceTree = "<group>"; };
		B6C2CD772329BCF400429E37 /* Info.plist */ = {isa = PBXFileReference; lastKnownFileType = text.plist.xml; path = Info.plist; sourceTree = "<group>"; };
/* End PBXFileReference section */

/* Begin PBXFrameworksBuildPhase section */
		B6C2CD4A2329BCF200429E37 /* Frameworks */ = {
			isa = PBXFrameworksBuildPhase;
			buildActionMask = 2147483647;
			files = (
			);
			runOnlyForDeploymentPostprocessing = 0;
		};
		B6C2CD632329BCF400429E37 /* Frameworks */ = {
			isa = PBXFrameworksBuildPhase;
			buildActionMask = 2147483647;
			files = (
			);
			runOnlyForDeploymentPostprocessing = 0;
		};
		B6C2CD6E2329BCF400429E37 /* Frameworks */ = {
			isa = PBXFrameworksBuildPhase;
			buildActionMask = 2147483647;
			files = (
			);
			runOnlyForDeploymentPostprocessing = 0;
		};
/* End PBXFrameworksBuildPhase section */

/* Begin PBXGroup section */
		B6C2CD442329BCF200429E37 = {
			isa = PBXGroup;
			children = (
				B6C2CD4F2329BCF200429E37 /* course-strategy */,
				B6C2CD692329BCF400429E37 /* course-strategyTests */,
				B6C2CD742329BCF400429E37 /* course-strategyUITests */,
				B6C2CD4E2329BCF200429E37 /* Products */,
			);
			sourceTree = "<group>";
		};
		B6C2CD4E2329BCF200429E37 /* Products */ = {
			isa = PBXGroup;
			children = (
				B6C2CD4D2329BCF200429E37 /* course-strategy.app */,
				B6C2CD662329BCF400429E37 /* course-strategyTests.xctest */,
				B6C2CD712329BCF400429E37 /* course-strategyUITests.xctest */,
			);
			name = Products;
			sourceTree = "<group>";
		};
		B6C2CD4F2329BCF200429E37 /* course-strategy */ = {
			isa = PBXGroup;
			children = (
				B6C2CD502329BCF200429E37 /* AppDelegate.swift */,
				B6C2CD552329BCF200429E37 /* MasterViewController.swift */,
				B6C2CD572329BCF200429E37 /* DetailViewController.swift */,
				B6C2CD592329BCF200429E37 /* Main.storyboard */,
				B6C2CD5C2329BCF400429E37 /* Assets.xcassets */,
				B6C2CD5E2329BCF400429E37 /* LaunchScreen.storyboard */,
				B6C2CD612329BCF400429E37 /* Info.plist */,
				B6C2CD522329BCF200429E37 /* course_strategy.xcdatamodeld */,
			);
			path = "course-strategy";
			sourceTree = "<group>";
		};
		B6C2CD692329BCF400429E37 /* course-strategyTests */ = {
			isa = PBXGroup;
			children = (
				B6C2CD6A2329BCF400429E37 /* course_strategyTests.swift */,
				B6C2CD6C2329BCF400429E37 /* Info.plist */,
			);
			path = "course-strategyTests";
			sourceTree = "<group>";
		};
		B6C2CD742329BCF400429E37 /* course-strategyUITests */ = {
			isa = PBXGroup;
			children = (
				B6C2CD752329BCF400429E37 /* course_strategyUITests.swift */,
				B6C2CD772329BCF400429E37 /* Info.plist */,
			);
			path = "course-strategyUITests";
			sourceTree = "<group>";
		};
/* End PBXGroup section */

/* Begin PBXNativeTarget section */
		B6C2CD4C2329BCF200429E37 /* course-strategy */ = {
			isa = PBXNativeTarget;
			buildConfigurationList = B6C2CD7A2329BCF400429E37 /* Build configuration list for PBXNativeTarget "course-strategy" */;
			buildPhases = (
				B6C2CD492329BCF200429E37 /* Sources */,
				B6C2CD4A2329BCF200429E37 /* Frameworks */,
				B6C2CD4B2329BCF200429E37 /* Resources */,
			);
			buildRules = (
			);
			dependencies = (
			);
			name = "course-strategy";
			productName = "course-strategy";
			productReference = B6C2CD4D2329BCF200429E37 /* course-strategy.app */;
			productType = "com.apple.product-type.application";
		};
		B6C2CD652329BCF400429E37 /* course-strategyTests */ = {
			isa = PBXNativeTarget;
			buildConfigurationList = B6C2CD7D2329BCF400429E37 /* Build configuration list for PBXNativeTarget "course-strategyTests" */;
			buildPhases = (
				B6C2CD622329BCF400429E37 /* Sources */,
				B6C2CD632329BCF400429E37 /* Frameworks */,
				B6C2CD642329BCF400429E37 /* Resources */,
			);
			buildRules = (
			);
			dependencies = (
				B6C2CD682329BCF400429E37 /* PBXTargetDependency */,
			);
			name = "course-strategyTests";
			productName = "course-strategyTests";
			productReference = B6C2CD662329BCF400429E37 /* course-strategyTests.xctest */;
			productType = "com.apple.product-type.bundle.unit-test";
		};
		B6C2CD702329BCF400429E37 /* course-strategyUITests */ = {
			isa = PBXNativeTarget;
			buildConfigurationList = B6C2CD802329BCF400429E37 /* Build configuration list for PBXNativeTarget "course-strategyUITests" */;
			buildPhases = (
				B6C2CD6D2329BCF400429E37 /* Sources */,
				B6C2CD6E2329BCF400429E37 /* Frameworks */,
				B6C2CD6F2329BCF400429E37 /* Resources */,
			);
			buildRules = (
			);
			dependencies = (
				B6C2CD732329BCF400429E37 /* PBXTargetDependency */,
			);
			name = "course-strategyUITests";
			productName = "course-strategyUITests";
			productReference = B6C2CD712329BCF400429E37 /* course-strategyUITests.xctest */;
			productType = "com.apple.product-type.bundle.ui-testing";
		};
/* End PBXNativeTarget section */

/* Begin PBXProject section */
		B6C2CD452329BCF200429E37 /* Project object */ = {
			isa = PBXProject;
			attributes = {
				LastSwiftUpdateCheck = 1030;
				LastUpgradeCheck = 1030;
				ORGANIZATIONNAME = "John Gaffney";
				TargetAttributes = {
					B6C2CD4C2329BCF200429E37 = {
						CreatedOnToolsVersion = 10.3;
					};
					B6C2CD652329BCF400429E37 = {
						CreatedOnToolsVersion = 10.3;
						TestTargetID = B6C2CD4C2329BCF200429E37;
					};
					B6C2CD702329BCF400429E37 = {
						CreatedOnToolsVersion = 10.3;
						TestTargetID = B6C2CD4C2329BCF200429E37;
					};
				};
			};
			buildConfigurationList = B6C2CD482329BCF200429E37 /* Build configuration list for PBXProject "course-strategy" */;
			compatibilityVersion = "Xcode 9.3";
			developmentRegion = en;
			hasScannedForEncodings = 0;
			knownRegions = (
				en,
				Base,
			);
			mainGroup = B6C2CD442329BCF200429E37;
			productRefGroup = B6C2CD4E2329BCF200429E37 /* Products */;
			projectDirPath = "";
			projectRoot = "";
			targets = (
				B6C2CD4C2329BCF200429E37 /* course-strategy */,
				B6C2CD652329BCF400429E37 /* course-strategyTests */,
				B6C2CD702329BCF400429E37 /* course-strategyUITests */,
			);
		};
/* End PBXProject section */

/* Begin PBXResourcesBuildPhase section */
		B6C2CD4B2329BCF200429E37 /* Resources */ = {
			isa = PBXResourcesBuildPhase;
			buildActionMask = 2147483647;
			files = (
				B6C2CD602329BCF400429E37 /* LaunchScreen.storyboard in Resources */,
				B6C2CD5D2329BCF400429E37 /* Assets.xcassets in Resources */,
				B6C2CD5B2329BCF200429E37 /* Main.storyboard in Resources */,
			);
			runOnlyForDeploymentPostprocessing = 0;
		};
		B6C2CD642329BCF400429E37 /* Resources */ = {
			isa = PBXResourcesBuildPhase;
			buildActionMask = 2147483647;
			files = (
			);
			runOnlyForDeploymentPostprocessing = 0;
		};
		B6C2CD6F2329BCF400429E37 /* Resources */ = {
			isa = PBXResourcesBuildPhase;
			buildActionMask = 2147483647;
			files = (
			);
			runOnlyForDeploymentPostprocessing = 0;
		};
/* End PBXResourcesBuildPhase section */

/* Begin PBXSourcesBuildPhase section */
		B6C2CD492329BCF200429E37 /* Sources */ = {
			isa = PBXSourcesBuildPhase;
			buildActionMask = 2147483647;
			files = (
				B6C2CD512329BCF200429E37 /* AppDelegate.swift in Sources */,
				B6C2CD542329BCF200429E37 /* course_strategy.xcdatamodeld in Sources */,
				B6C2CD562329BCF200429E37 /* MasterViewController.swift in Sources */,
				B6C2CD582329BCF200429E37 /* DetailViewController.swift in Sources */,
			);
			runOnlyForDeploymentPostprocessing = 0;
		};
		B6C2CD622329BCF400429E37 /* Sources */ = {
			isa = PBXSourcesBuildPhase;
			buildActionMask = 2147483647;
			files = (
				B6C2CD6B2329BCF400429E37 /* course_strategyTests.swift in Sources */,
			);
			runOnlyForDeploymentPostprocessing = 0;
		};
		B6C2CD6D2329BCF400429E37 /* Sources */ = {
			isa = PBXSourcesBuildPhase;
			buildActionMask = 2147483647;
			files = (
				B6C2CD762329BCF400429E37 /* course_strategyUITests.swift in Sources */,
			);
			runOnlyForDeploymentPostprocessing = 0;
		};
/* End PBXSourcesBuildPhase section */

/* Begin PBXTargetDependency section */
		B6C2CD682329BCF400429E37 /* PBXTargetDependency */ = {
			isa = PBXTargetDependency;
			target = B6C2CD4C2329BCF200429E37 /* course-strategy */;
			targetProxy = B6C2CD672329BCF400429E37 /* PBXContainerItemProxy */;
		};
		B6C2CD732329BCF400429E37 /* PBXTargetDependency */ = {
			isa = PBXTargetDependency;
			target = B6C2CD4C2329BCF200429E37 /* course-strategy */;
			targetProxy = B6C2CD722329BCF400429E37 /* PBXContainerItemProxy */;
		};
/* End PBXTargetDependency section */

/* Begin PBXVariantGroup section */
		B6C2CD592329BCF200429E37 /* Main.storyboard */ = {
			isa = PBXVariantGroup;
			children = (
				B6C2CD5A2329BCF200429E37 /* Base */,
			);
			name = Main.storyboard;
			sourceTree = "<group>";
		};
		B6C2CD5E2329BCF400429E37 /* LaunchScreen.storyboard */ = {
			isa = PBXVariantGroup;
			children = (
				B6C2CD5F2329BCF400429E37 /* Base */,
			);
			name = LaunchScreen.storyboard;
			sourceTree = "<group>";
		};
/* End PBXVariantGroup section */

/* Begin XCBuildConfiguration section */
		B6C2CD782329BCF400429E37 /* Debug */ = {
			isa = XCBuildConfiguration;
			buildSettings = {
				ALWAYS_SEARCH_USER_PATHS = NO;
				CLANG_ANALYZER_NONNULL = YES;
				CLANG_ANALYZER_NUMBER_OBJECT_CONVERSION = YES_AGGRESSIVE;
				CLANG_CXX_LANGUAGE_STANDARD = "gnu++14";
				CLANG_CXX_LIBRARY = "libc++";
				CLANG_ENABLE_MODULES = YES;
				CLANG_ENABLE_OBJC_ARC = YES;
				CLANG_ENABLE_OBJC_WEAK = YES;
				CLANG_WARN_BLOCK_CAPTURE_AUTORELEASING = YES;
				CLANG_WARN_BOOL_CONVERSION = YES;
				CLANG_WARN_COMMA = YES;
				CLANG_WARN_CONSTANT_CONVERSION = YES;
				CLANG_WARN_DEPRECATED_OBJC_IMPLEMENTATIONS = YES;
				CLANG_WARN_DIRECT_OBJC_ISA_USAGE = YES_ERROR;
				CLANG_WARN_DOCUMENTATION_COMMENTS = YES;
				CLANG_WARN_EMPTY_BODY = YES;
				CLANG_WARN_ENUM_CONVERSION = YES;
				CLANG_WARN_INFINITE_RECURSION = YES;
				CLANG_WARN_INT_CONVERSION = YES;
				CLANG_WARN_NON_LITERAL_NULL_CONVERSION = YES;
				CLANG_WARN_OBJC_IMPLICIT_RETAIN_SELF = YES;
				CLANG_WARN_OBJC_LITERAL_CONVERSION = YES;
				CLANG_WARN_OBJC_ROOT_CLASS = YES_ERROR;
				CLANG_WARN_RANGE_LOOP_ANALYSIS = YES;
				CLANG_WARN_STRICT_PROTOTYPES = YES;
				CLANG_WARN_SUSPICIOUS_MOVE = YES;
				CLANG_WARN_UNGUARDED_AVAILABILITY = YES_AGGRESSIVE;
				CLANG_WARN_UNREACHABLE_CODE = YES;
				CLANG_WARN__DUPLICATE_METHOD_MATCH = YES;
				CODE_SIGN_IDENTITY = "iPhone Developer";
				COPY_PHASE_STRIP = NO;
				DEBUG_INFORMATION_FORMAT = dwarf;
				ENABLE_STRICT_OBJC_MSGSEND = YES;
				ENABLE_TESTABILITY = YES;
				GCC_C_LANGUAGE_STANDARD = gnu11;
				GCC_DYNAMIC_NO_PIC = NO;
				GCC_NO_COMMON_BLOCKS = YES;
				GCC_OPTIMIZATION_LEVEL = 0;
				GCC_PREPROCESSOR_DEFINITIONS = (
					"DEBUG=1",
					"$(inherited)",
				);
				GCC_WARN_64_TO_32_BIT_CONVERSION = YES;
				GCC_WARN_ABOUT_RETURN_TYPE = YES_ERROR;
				GCC_WARN_UNDECLARED_SELECTOR = YES;
				GCC_WARN_UNINITIALIZED_AUTOS = YES_AGGRESSIVE;
				GCC_WARN_UNUSED_FUNCTION = YES;
				GCC_WARN_UNUSED_VARIABLE = YES;
				IPHONEOS_DEPLOYMENT_TARGET = 12.4;
				MTL_ENABLE_DEBUG_INFO = INCLUDE_SOURCE;
				MTL_FAST_MATH = YES;
				ONLY_ACTIVE_ARCH = YES;
				SDKROOT = iphoneos;
				SWIFT_ACTIVE_COMPILATION_CONDITIONS = DEBUG;
				SWIFT_OPTIMIZATION_LEVEL = "-Onone";
			};
			name = Debug;
		};
		B6C2CD792329BCF400429E37 /* Release */ = {
			isa = XCBuildConfiguration;
			buildSettings = {
				ALWAYS_SEARCH_USER_PATHS = NO;
				CLANG_ANALYZER_NONNULL = YES;
				CLANG_ANALYZER_NUMBER_OBJECT_CONVERSION = YES_AGGRESSIVE;
				CLANG_CXX_LANGUAGE_STANDARD = "gnu++14";
				CLANG_CXX_LIBRARY = "libc++";
				CLANG_ENABLE_MODULES = YES;
				CLANG_ENABLE_OBJC_ARC = YES;
				CLANG_ENABLE_OBJC_WEAK = YES;
				CLANG_WARN_BLOCK_CAPTURE_AUTORELEASING = YES;
				CLANG_WARN_BOOL_CONVERSION = YES;
				CLANG_WARN_COMMA = YES;
				CLANG_WARN_CONSTANT_CONVERSION = YES;
				CLANG_WARN_DEPRECATED_OBJC_IMPLEMENTATIONS = YES;
				CLANG_WARN_DIRECT_OBJC_ISA_USAGE = YES_ERROR;
				CLANG_WARN_DOCUMENTATION_COMMENTS = YES;
				CLANG_WARN_EMPTY_BODY = YES;
				CLANG_WARN_ENUM_CONVERSION = YES;
				CLANG_WARN_INFINITE_RECURSION = YES;
				CLANG_WARN_INT_CONVERSION = YES;
				CLANG_WARN_NON_LITERAL_NULL_CONVERSION = YES;
				CLANG_WARN_OBJC_IMPLICIT_RETAIN_SELF = YES;
				CLANG_WARN_OBJC_LITERAL_CONVERSION = YES;
				CLANG_WARN_OBJC_ROOT_CLASS = YES_ERROR;
				CLANG_WARN_RANGE_LOOP_ANALYSIS = YES;
				CLANG_WARN_STRICT_PROTOTYPES = YES;
				CLANG_WARN_SUSPICIOUS_MOVE = YES;
				CLANG_WARN_UNGUARDED_AVAILABILITY = YES_AGGRESSIVE;
				CLANG_WARN_UNREACHABLE_CODE = YES;
				CLANG_WARN__DUPLICATE_METHOD_MATCH = YES;
				CODE_SIGN_IDENTITY = "iPhone Developer";
				COPY_PHASE_STRIP = NO;
				DEBUG_INFORMATION_FORMAT = "dwarf-with-dsym";
				ENABLE_NS_ASSERTIONS = NO;
				ENABLE_STRICT_OBJC_MSGSEND = YES;
				GCC_C_LANGUAGE_STANDARD = gnu11;
				GCC_NO_COMMON_BLOCKS = YES;
				GCC_WARN_64_TO_32_BIT_CONVERSION = YES;
				GCC_WARN_ABOUT_RETURN_TYPE = YES_ERROR;
				GCC_WARN_UNDECLARED_SELECTOR = YES;
				GCC_WARN_UNINITIALIZED_AUTOS = YES_AGGRESSIVE;
				GCC_WARN_UNUSED_FUNCTION = YES;
				GCC_WARN_UNUSED_VARIABLE = YES;
				IPHONEOS_DEPLOYMENT_TARGET = 12.4;
				MTL_ENABLE_DEBUG_INFO = NO;
				MTL_FAST_MATH = YES;
				SDKROOT = iphoneos;
				SWIFT_COMPILATION_MODE = wholemodule;
				SWIFT_OPTIMIZATION_LEVEL = "-O";
				VALIDATE_PRODUCT = YES;
			};
			name = Release;
		};
		B6C2CD7B2329BCF400429E37 /* Debug */ = {
			isa = XCBuildConfiguration;
			buildSettings = {
				ASSETCATALOG_COMPILER_APPICON_NAME = AppIcon;
				CODE_SIGN_STYLE = Automatic;
				INFOPLIST_FILE = "course-strategy/Info.plist";
				LD_RUNPATH_SEARCH_PATHS = (
					"$(inherited)",
					"@executable_path/Frameworks",
				);
				PRODUCT_BUNDLE_IDENTIFIER = "com.gffny.course-strategy";
				PRODUCT_NAME = "$(TARGET_NAME)";
				SWIFT_VERSION = 5.0;
				TARGETED_DEVICE_FAMILY = "1,2";
			};
			name = Debug;
		};
		B6C2CD7C2329BCF400429E37 /* Release */ = {
			isa = XCBuildConfiguration;
			buildSettings = {
				ASSETCATALOG_COMPILER_APPICON_NAME = AppIcon;
				CODE_SIGN_STYLE = Automatic;
				INFOPLIST_FILE = "course-strategy/Info.plist";
				LD_RUNPATH_SEARCH_PATHS = (
					"$(inherited)",
					"@executable_path/Frameworks",
				);
				PRODUCT_BUNDLE_IDENTIFIER = "com.gffny.course-strategy";
				PRODUCT_NAME = "$(TARGET_NAME)";
				SWIFT_VERSION = 5.0;
				TARGETED_DEVICE_FAMILY = "1,2";
			};
			name = Release;
		};
		B6C2CD7E2329BCF400429E37 /* Debug */ = {
			isa = XCBuildConfiguration;
			buildSettings = {
				ALWAYS_EMBED_SWIFT_STANDARD_LIBRARIES = YES;
				BUNDLE_LOADER = "$(TEST_HOST)";
				CODE_SIGN_STYLE = Automatic;
				INFOPLIST_FILE = "course-strategyTests/Info.plist";
				LD_RUNPATH_SEARCH_PATHS = (
					"$(inherited)",
					"@executable_path/Frameworks",
					"@loader_path/Frameworks",
				);
				PRODUCT_BUNDLE_IDENTIFIER = "com.gffny.course-strategyTests";
				PRODUCT_NAME = "$(TARGET_NAME)";
				SWIFT_VERSION = 5.0;
				TARGETED_DEVICE_FAMILY = "1,2";
				TEST_HOST = "$(BUILT_PRODUCTS_DIR)/course-strategy.app/course-strategy";
			};
			name = Debug;
		};
		B6C2CD7F2329BCF400429E37 /* Release */ = {
			isa = XCBuildConfiguration;
			buildSettings = {
				ALWAYS_EMBED_SWIFT_STANDARD_LIBRARIES = YES;
				BUNDLE_LOADER = "$(TEST_HOST)";
				CODE_SIGN_STYLE = Automatic;
				INFOPLIST_FILE = "course-strategyTests/Info.plist";
				LD_RUNPATH_SEARCH_PATHS = (
					"$(inherited)",
					"@executable_path/Frameworks",
					"@loader_path/Frameworks",
				);
				PRODUCT_BUNDLE_IDENTIFIER = "com.gffny.course-strategyTests";
				PRODUCT_NAME = "$(TARGET_NAME)";
				SWIFT_VERSION = 5.0;
				TARGETED_DEVICE_FAMILY = "1,2";
				TEST_HOST = "$(BUILT_PRODUCTS_DIR)/course-strategy.app/course-strategy";
			};
			name = Release;
		};
		B6C2CD812329BCF400429E37 /* Debug */ = {
			isa = XCBuildConfiguration;
			buildSettings = {
				ALWAYS_EMBED_SWIFT_STANDARD_LIBRARIES = YES;
				CODE_SIGN_STYLE = Automatic;
				INFOPLIST_FILE = "course-strategyUITests/Info.plist";
				LD_RUNPATH_SEARCH_PATHS = (
					"$(inherited)",
					"@executable_path/Frameworks",
					"@loader_path/Frameworks",
				);
				PRODUCT_BUNDLE_IDENTIFIER = "com.gffny.course-strategyUITests";
				PRODUCT_NAME = "$(TARGET_NAME)";
				SWIFT_VERSION = 5.0;
				TARGETED_DEVICE_FAMILY = "1,2";
				TEST_TARGET_NAME = "course-strategy";
			};
			name = Debug;
		};
		B6C2CD822329BCF400429E37 /* Release */ = {
			isa = XCBuildConfiguration;
			buildSettings = {
				ALWAYS_EMBED_SWIFT_STANDARD_LIBRARIES = YES;
				CODE_SIGN_STYLE = Automatic;
				INFOPLIST_FILE = "course-strategyUITests/Info.plist";
				LD_RUNPATH_SEARCH_PATHS = (
					"$(inherited)",
					"@executable_path/Frameworks",
					"@loader_path/Frameworks",
				);
				PRODUCT_BUNDLE_IDENTIFIER = "com.gffny.course-strategyUITests";
				PRODUCT_NAME = "$(TARGET_NAME)";
				SWIFT_VERSION = 5.0;
				TARGETED_DEVICE_FAMILY = "1,2";
				TEST_TARGET_NAME = "course-strategy";
			};
			name = Release;
		};
/* End XCBuildConfiguration section */

/* Begin XCConfigurationList section */
		B6C2CD482329BCF200429E37 /* Build configuration list for PBXProject "course-strategy" */ = {
			isa = XCConfigurationList;
			buildConfigurations = (
				B6C2CD782329BCF400429E37 /* Debug */,
				B6C2CD792329BCF400429E37 /* Release */,
			);
			defaultConfigurationIsVisible = 0;
			defaultConfigurationName = Release;
		};
		B6C2CD7A2329BCF400429E37 /* Build configuration list for PBXNativeTarget "course-strategy" */ = {
			isa = XCConfigurationList;
			buildConfigurations = (
				B6C2CD7B2329BCF400429E37 /* Debug */,
				B6C2CD7C2329BCF400429E37 /* Release */,
			);
			defaultConfigurationIsVisible = 0;
			defaultConfigurationName = Release;
		};
		B6C2CD7D2329BCF400429E37 /* Build configuration list for PBXNativeTarget "course-strategyTests" */ = {
			isa = XCConfigurationList;
			buildConfigurations = (
				B6C2CD7E2329BCF400429E37 /* Debug */,
				B6C2CD7F2329BCF400429E37 /* Release */,
			);
			defaultConfigurationIsVisible = 0;
			defaultConfigurationName = Release;
		};
		B6C2CD802329BCF400429E37 /* Build configuration list for PBXNativeTarget "course-strategyUITests" */ = {
			isa = XCConfigurationList;
			buildConfigurations = (
				B6C2CD812329BCF400429E37 /* Debug */,
				B6C2CD822329BCF400429E37 /* Release */,
			);
			defaultConfigurationIsVisible = 0;
			defaultConfigurationName = Release;
		};
/* End XCConfigurationList section */

/* Begin XCVersionGroup section */
		B6C2CD522329BCF200429E37 /* course_strategy.xcdatamodeld */ = {
			isa = XCVersionGroup;
			children = (
				B6C2CD532329BCF200429E37 /* course_strategy.xcdatamodel */,
			);
			currentVersion = B6C2CD532329BCF200429E37 /* course_strategy.xcdatamodel */;
			path = course_strategy.xcdatamodeld;
			sourceTree = "<group>";
			versionGroupType = wrapper.xcdatamodel;
		};
/* End XCVersionGroup section */
	};
	rootObject = B6C2CD452329BCF200429E37 /* Project object */;
}
